
Microsoft Visual Studio Solution File, Format Version 12.00
# Visual Studio Version 16
VisualStudioVersion = 16.0.31321.278
MinimumVisualStudioVersion = 10.0.40219.1
Project("{FAE04EC0-301F-11D3-BF4B-00C04F79EFBC}") = "ModbusTestTool", "ModbusTestTool\ModbusTestTool.csproj", "{689FDEBC-FCE9-4CFC-A16B-F07E186F4C0D}"
EndProject
Global
	GlobalSection(SolutionConfigurationPlatforms) = preSolution
		Debug|Any CPU = Debug|Any CPU
		Release|Any CPU = Release|Any CPU
	EndGlobalSection
	GlobalSection(ProjectConfigurationPlatforms) = postSolution
		{689FDEBC-FCE9-4CFC-A16B-F07E186F4C0D}.Debug|Any CPU.ActiveCfg = Debug|Any CPU
		{689FDEBC-FCE9-4CFC-A16B-F07E186F4C0D}.Debug|Any CPU.Build.0 = Debug|Any CPU
		{689FDEBC-FCE9-4CFC-A16B-F07E186F4C0D}.Release|Any CPU.ActiveCfg = Release|Any CPU
		{689FDEBC-FCE9-4CFC-A16B-F07E186F4C0D}.Release|Any CPU.Build.0 = Release|Any CPU
	EndGlobalSection
	GlobalSection(SolutionProperties) = preSolution
		HideSolutionNode = FALSE
	EndGlobalSection
	GlobalSection(ExtensibilityGlobals) = postSolution
		SolutionGuid = {5700D1C4-723F-46D2-8BF3-27D5E44C91FD}
	EndGlobalSection
EndGlobal
